
Microsoft Visual Studio Solution File, Format Version 12.00
# Visual Studio 15
Project("{FAE04EC0-301F-11D3-BF4B-00C04F79EFBC}") = "Assembly-CSharp", "Assembly-CSharp.csproj", "{BD9E57CE-9F8C-8EA9-F8A2-E7C7E48DFF7B}"
EndProject
Global
	GlobalSection(SolutionConfigurationPlatforms) = preSolution
		Debug|Any CPU = Debug|Any CPU
		Release|Any CPU = Release|Any CPU
	EndGlobalSection
	GlobalSection(ProjectConfigurationPlatforms) = postSolution
		{BD9E57CE-9F8C-8EA9-F8A2-E7C7E48DFF7B}.Debug|Any CPU.ActiveCfg = Debug|Any CPU
		{BD9E57CE-9F8C-8EA9-F8A2-E7C7E48DFF7B}.Debug|Any CPU.Build.0 = Debug|Any CPU
		{BD9E57CE-9F8C-8EA9-F8A2-E7C7E48DFF7B}.Release|Any CPU.ActiveCfg = Release|Any CPU
		{BD9E57CE-9F8C-8EA9-F8A2-E7C7E48DFF7B}.Release|Any CPU.Build.0 = Release|Any CPU
	EndGlobalSection
	GlobalSection(SolutionProperties) = preSolution
		HideSolutionNode = FALSE
	EndGlobalSection
EndGlobal
